{
  "requires": true,
  "lockfileVersion": 1,
  "dependencies": {
    "@babel/runtime": {
      "version": "7.4.5",
      "resolved": "https://registry.npmjs.org/@babel/runtime/-/runtime-7.4.5.tgz",
      "integrity": "sha512-TuI4qpWZP6lGOGIuGWtp9sPluqYICmbk8T/1vpSysqJxRPkudh/ofFWyqdcMsDf2s7KvDL4/YHgKyvcS3g9CJQ==",
      "requires": {
        "regenerator-runtime": "^0.13.2"
      }
    },
    "babel-runtime": {
      "version": "6.26.0",
      "resolved": "https://registry.npmjs.org/babel-runtime/-/babel-runtime-6.26.0.tgz",
      "integrity": "sha1-llxwWGaOgrVde/4E/yM3vItWR/4=",
      "requires": {
        "core-js": "^2.4.0",
        "regenerator-runtime": "^0.11.0"
      },
      "dependencies": {
        "core-js": {
          "version": "2.6.10",
          "resolved": "https://registry.npmjs.org/core-js/-/core-js-2.6.10.tgz",
          "integrity": "sha512-I39t74+4t+zau64EN1fE5v2W31Adtc/REhzWN+gWRRXg6WH5qAsZm62DHpQ1+Yhe4047T55jvzz7MUqF/dBBlA=="
        },
        "regenerator-runtime": {
          "version": "0.11.1",
          "resolved": "https://registry.npmjs.org/regenerator-runtime/-/regenerator-runtime-0.11.1.tgz",
          "integrity": "sha512-MguG95oij0fC3QV3URf4V2SDYGJhJnJGqvIIgdECeODCT98wSWDAJ94SSuVpYQUoTcGUIL6L4yNB7j1DFFHSBg=="
        }
      }
    },
    "classnames": {
      "version": "2.2.5",
      "resolved": "https://registry.npmjs.org/classnames/-/classnames-2.2.5.tgz",
      "integrity": "sha1-+zgB1FNGdknvNgPH1hoCvRKb3m0="
    },
    "core-js": {
      "version": "3.1.3",
      "resolved": "https://registry.npmjs.org/core-js/-/core-js-3.1.3.tgz",
      "integrity": "sha512-PWZ+ZfuaKf178BIAg+CRsljwjIMRV8MY00CbZczkR6Zk5LfkSkjGoaab3+bqRQWVITNZxQB7TFYz+CFcyuamvA=="
    },
    "date-fns": {
      "version": "1.30.1",
      "resolved": "https://registry.npmjs.org/date-fns/-/date-fns-1.30.1.tgz",
      "integrity": "sha512-hBSVCvSmWC+QypYObzwGOd9wqdDpOt+0wl0KbU+R+uuZBS1jN8VsD1ss3irQDknRj5NvxiTF6oj/nDRnN/UQNw=="
    },
    "dayzed": {
      "version": "2.2.0",
      "resolved": "https://registry.npmjs.org/dayzed/-/dayzed-2.2.0.tgz",
      "integrity": "sha512-D7C6c3KGXC5rwG2JVrd1kneVdZgtK5NUf6G7A3jbFoNMsoK1PKEbbIfsFpw6t4iaM+OpCmm9KCWAkscOKD6ZoQ=="
    },
    "format-string-by-pattern": {
      "version": "1.0.0",
      "resolved": "https://registry.npmjs.org/format-string-by-pattern/-/format-string-by-pattern-1.0.0.tgz",
      "integrity": "sha512-IlpLc4oF6vevBiEtMpIRR/rPOhweIP7fJo11u70Ne7UY9mZoNHAFvM4oLFNB7uR+wtE5+pnonetHCIsa0Bb3Vg=="
    },
    "google-maps-react": {
      "version": "2.0.2",
      "resolved": "https://registry.npmjs.org/google-maps-react/-/google-maps-react-2.0.2.tgz",
      "integrity": "sha512-6cYauGwt22haDUrWxKQ6yoNOqjiuxHo8YYcmb+aBvNICokdXmZOUB6Ah4vD5VexMVlrwP2PFqA/D8sHpEB52KA=="
    },
    "js-tokens": {
      "version": "4.0.0",
      "resolved": "https://registry.npmjs.org/js-tokens/-/js-tokens-4.0.0.tgz",
      "integrity": "sha512-RdJUflcE3cUzKiMqQgsCu06FPu9UdIJO0beYbPhHN4k6apgJtifcoCtT9bcxOpYBtpD2kCM6Sbzg4CausW/PKQ=="
    },
    "keyboard-key": {
      "version": "1.0.4",
      "resolved": "https://registry.npmjs.org/keyboard-key/-/keyboard-key-1.0.4.tgz",
      "integrity": "sha512-my04dE6BCwPpwoe4KYKfPxWiwgDYQOHrVmtzn1CfzmoEsGG/ef4oZGaXCzi1+iFhG7CN5JkOuxmei5OABY8/ag=="
    },
    "lodash": {
      "version": "4.17.15",
      "resolved": "https://registry.npmjs.org/lodash/-/lodash-4.17.15.tgz",
      "integrity": "sha512-8xOcRHvCjnocdS5cpwXQXVzmmh5e5+saE2QGoeQmbKmRS6J3VQppPOIt0MnmE+4xlZoumy0GPG0D0MVIQbNA1A=="
    },
    "loose-envify": {
      "version": "1.4.0",
      "resolved": "https://registry.npmjs.org/loose-envify/-/loose-envify-1.4.0.tgz",
      "integrity": "sha512-lyuxPGr/Wfhrlem2CL/UcnUc1zcqKAImBDzukY7Y5F/yQiNdko6+fRLevlw1HgMySw7f611UIY408EtxRSoK3Q==",
      "requires": {
        "js-tokens": "^3.0.0 || ^4.0.0"
      }
    },
    "moment": {
      "version": "2.24.0",
      "resolved": "https://registry.npmjs.org/moment/-/moment-2.24.0.tgz",
      "integrity": "sha512-bV7f+6l2QigeBBZSM/6yTNq4P2fNpSWj/0e7jQcy87A8e7o2nAfP/34/2ky5Vw4B9S446EtIhodAzkFCcR4dQg=="
    },
    "object-assign": {
      "version": "4.1.1",
      "resolved": "https://registry.npmjs.org/object-assign/-/object-assign-4.1.1.tgz",
      "integrity": "sha1-IQmtx5ZYh8/AXLvUQsrIv7s2CGM="
    },
    "prop-types": {
      "version": "15.7.2",
      "resolved": "https://registry.npmjs.org/prop-types/-/prop-types-15.7.2.tgz",
      "integrity": "sha512-8QQikdH7//R2vurIJSutZ1smHYTcLpRWEOlHnzcWHmBYrOGUysKwSsrC89BCiFj3CbrfJ/nXFdJepOVrY1GCHQ==",
      "requires": {
        "loose-envify": "^1.4.0",
        "object-assign": "^4.1.1",
        "react-is": "^16.8.1"
      }
    },
    "react-fast-compare": {
      "version": "2.0.1",
      "resolved": "https://registry.npmjs.org/react-fast-compare/-/react-fast-compare-2.0.1.tgz",
      "integrity": "sha512-hfYjgGUulrMp5G9vQAlERmDKJhxyVtcmV23BSu9xDwcQMGcozZRe8+lMTPd5sfFEzYzHW62A7hKMRF0xVoQlGw=="
    },
    "react-is": {
      "version": "16.11.0",
      "resolved": "https://registry.npmjs.org/react-is/-/react-is-16.11.0.tgz",
      "integrity": "sha512-gbBVYR2p8mnriqAwWx9LbuUrShnAuSCNnuPGyc7GJrMVQtPDAh8iLpv7FRuMPFb56KkaVZIYSz1PrjI9q0QPCw=="
    },
    "react-semantic-ui-datepickers": {
      "version": "1.12.0",
      "resolved": "https://registry.npmjs.org/react-semantic-ui-datepickers/-/react-semantic-ui-datepickers-1.12.0.tgz",
      "integrity": "sha512-STjP2x0vsF8DyyH4TyFyZPN6xaH9Hxxzzbqdsz4dmfD0RGAc253fVd2929gQjuD9MokeMTwNw1caoMXZNClvBg==",
      "requires": {
        "@babel/runtime": "7.4.5",
        "classnames": "2.2.5",
        "core-js": "3.1.3",
        "date-fns": "1.30.1",
        "dayzed": "2.2.0",
        "format-string-by-pattern": "1.0.0",
        "react-fast-compare": "2.0.1"
      }
    },
    "regenerator-runtime": {
      "version": "0.13.3",
      "resolved": "https://registry.npmjs.org/regenerator-runtime/-/regenerator-runtime-0.13.3.tgz",
      "integrity": "sha512-naKIZz2GQ8JWh///G7L3X6LaQUAMp2lvb1rvwwsURe/VXwD6VMfr+/1NuNw3ag8v2kY1aQ/go5SNn79O9JU7yw=="
    },
    "semantic-ui-calendar-react": {
      "version": "0.15.3",
      "resolved": "https://registry.npmjs.org/semantic-ui-calendar-react/-/semantic-ui-calendar-react-0.15.3.tgz",
      "integrity": "sha512-cXlg/dJf0z/dydnol1GCy9ssccXBAGYhmka9W2KNXqqW+B0mgPhu6ugWOjGD4i99e3dnNl1QVqYvQpQcpkcEIg==",
      "requires": {
        "keyboard-key": "^1.0.2",
        "lodash": "^4.17.15",
        "moment": "^2.22.2",
        "prop-types": "^15.6.2"
      }
    }
  }
}
